# Generated by conda-lock.
# platform: linux-64
# input_hash: 526f08ec5b0cbd53bfc27cf87498e6497064e0438fb77395ccd9cbe7d0448569

channels:
  - conda-forge
  - bioconda
dependencies:
  - _libgcc_mutex=0.1=conda_forge
  - ca-certificates=2023.11.17=hbcca054_0
  - ld_impl_linux-64=2.40=h41732ed_0
  - libstdcxx-ng=13.2.0=h7e041cc_3
  - python_abi=3.10=4_cp310
  - tzdata=2023c=h71feb2d_0
  - libgomp=13.2.0=h807b86a_3
  - _openmp_mutex=4.5=2_gnu
  - libgcc-ng=13.2.0=h807b86a_3
  - aws-c-common=0.9.10=hd590300_0
  - bzip2=1.0.8=hd590300_5
  - c-ares=1.23.0=hd590300_0
  - gettext=0.21.1=h27087fc_0
  - gflags=2.2.2=he1b5a44_1004
  - icu=73.2=h59595ed_0
  - keyutils=1.6.1=h166bdaf_0
  - libabseil=20230802.1=cxx17_h59595ed_0
  - libbrotlicommon=1.1.0=hd590300_1
  - libcrc32c=1.1.2=h9c3ff4c_0
  - libev=4.33=hd590300_2
  - libexpat=2.5.0=hcb278e6_1
  - libffi=3.4.2=h7f98852_5
  - libgfortran5=13.2.0=ha4646dd_3
  - libiconv=1.17=hd590300_2
  - libnl=3.9.0=hd590300_0
  - libnsl=2.0.1=hd590300_0
  - libnuma=2.0.16=h0b41bf4_1
  - libsodium=1.0.18=h36c2ea0_1
  - libutf8proc=2.8.0=h166bdaf_0
  - libuuid=2.38.1=h0b41bf4_0
  - libzlib=1.2.13=hd590300_5
  - lz4-c=1.9.4=hcb278e6_0
  - ncurses=6.4=h59595ed_2
  - openssl=3.2.0=hd590300_1
  - snappy=1.1.10=h9fff704_0
  - xz=5.2.6=h166bdaf_0
  - yaml=0.2.5=h7f98852_2
  - aws-c-cal=0.6.9=h5d48c4d_2
  - aws-c-compression=0.2.17=h7f92143_7
  - aws-c-sdkutils=0.1.13=h7f92143_0
  - aws-checksums=0.1.17=h7f92143_6
  - expat=2.5.0=hcb278e6_1
  - glog=0.6.0=h6f12383_0
  - libbrotlidec=1.1.0=hd590300_1
  - libbrotlienc=1.1.0=hd590300_1
  - libedit=3.1.20191231=he28a2e2_2
  - libevent=2.1.12=hf998b51_1
  - libgfortran-ng=13.2.0=h69a702a_3
  - libnghttp2=1.58.0=h47da74e_1
  - libprotobuf=4.24.4=hf27288f_0
  - libre2-11=2023.06.02=h7a70373_0
  - libsqlite=3.44.2=h2797004_0
  - libssh2=1.11.0=h0841786_0
  - libxml2=2.12.3=h232c23b_0
  - pcre2=10.42=hcad00b1_0
  - rdma-core=49.0=hd3aeb46_2
  - readline=8.2=h8228510_1
  - s2n=1.4.0=h06160fa_0
  - tk=8.6.13=noxft_h4845f30_101
  - zstd=1.5.5=hfc55251_0
  - aws-c-io=0.13.36=he0cd244_2
  - krb5=1.21.2=h659d440_0
  - libglib=2.78.3=h783c2da_0
  - libllvm15=15.0.7=hb3ce162_4
  - libopenblas=0.3.25=pthreads_h413a1c8_0
  - libthrift=0.19.0=hb90f79a_1
  - orc=1.9.2=h4b38347_0
  - python=3.10.13=hd12c33a_0_cpython
  - re2=2023.06.02=h2873b5e_0
  - ucx=1.15.0=h75e419f_2
  - attrs=23.1.0=pyh71513ae_1
  - aws-c-event-stream=0.3.2=h0bcb0bb_8
  - aws-c-http=0.7.14=hd268abd_3
  - bcrypt=4.1.2=py310hcb5633a_0
  - blinker=1.7.0=pyhd8ed1ab_0
  - brotli-python=1.1.0=py310hc6cd4ac_1
  - cachetools=5.3.2=pyhd8ed1ab_0
  - certifi=2023.11.17=pyhd8ed1ab_0
  - chardet=5.2.0=py310hff52083_1
  - charset-normalizer=3.3.2=pyhd8ed1ab_0
  - click=8.1.7=unix_pyh707e725_0
  - cloudpickle=3.0.0=pyhd8ed1ab_0
  - dbus=1.13.6=h5008d03_3
  - decorator=5.1.1=pyhd8ed1ab_0
  - diskcache=5.6.3=pyhd8ed1ab_0
  - docstring_parser=0.15=pyhd8ed1ab_0
  - frozenlist=1.4.1=py310h2372a71_0
  - fsspec=2023.9.2=pyh1a96a4e_0
  - idna=3.6=pyhd8ed1ab_0
  - jeepney=0.8.0=pyhd8ed1ab_0
  - jmespath=1.0.1=pyhd8ed1ab_0
  - libblas=3.9.0=20_linux64_openblas
  - libcurl=8.5.0=hca28451_0
  - libgrpc=1.59.3=hd6c4280_0
  - markupsafe=2.1.3=py310h2372a71_1
  - mdurl=0.1.0=pyhd8ed1ab_0
  - more-itertools=10.1.0=pyhd8ed1ab_0
  - multidict=6.0.4=py310h2372a71_1
  - mypy_extensions=1.0.0=pyha770c72_0
  - packaging=23.2=pyhd8ed1ab_0
  - platformdirs=4.1.0=pyhd8ed1ab_0
  - portalocker=2.8.2=py310hff52083_1
  - pyasn1=0.5.1=pyhd8ed1ab_0
  - pycparser=2.21=pyhd8ed1ab_0
  - pygments=2.17.2=pyhd8ed1ab_0
  - pyjwt=2.8.0=pyhd8ed1ab_0
  - pyperclip=1.8.2=pyhd8ed1ab_2
  - pysocks=1.7.1=pyha2e5f31_6
  - python-dotenv=1.0.0=pyhd8ed1ab_1
  - python-json-logger=2.0.7=pyhd8ed1ab_0
  - pytimeparse=1.1.8=py_0
  - pytz=2023.3.post1=pyhd8ed1ab_0
  - pywin32-on-windows=0.1.0=pyh1179c8e_3
  - pyyaml=6.0.1=py310h2372a71_1
  - setuptools=68.2.2=pyhd8ed1ab_0
  - six=1.16.0=pyh6c4a22f_0
  - statsd=3.3.0=py_0
  - stringcase=1.2.0=py_0
  - text-unidecode=1.3=pyhd8ed1ab_1
  - threadpoolctl=3.2.0=pyha21a80b_0
  - types-python-dateutil=2.8.19.14=pyhd8ed1ab_0
  - typing_extensions=4.9.0=pyha770c72_0
  - websocket-client=1.7.0=pyhd8ed1ab_0
  - wheel=0.42.0=pyhd8ed1ab_0
  - wrapt=1.16.0=py310h2372a71_0
  - zipp=3.17.0=pyhd8ed1ab_0
  - aioitertools=0.11.0=pyhd8ed1ab_0
  - aiosignal=1.3.1=pyhd8ed1ab_0
  - aws-c-auth=0.7.8=h538f98c_2
  - aws-c-mqtt=0.10.0=h35285c7_0
  - binaryornot=0.4.4=py_1
  - cffi=1.16.0=py310h2fee648_0
  - grpcio=1.59.3=py310h1b8f574_0
  - importlib-metadata=7.0.0=pyha770c72_0
  - isodate=0.6.1=pyhd8ed1ab_0
  - jaraco.classes=3.3.0=pyhd8ed1ab_0
  - jinja2=3.1.2=pyhd8ed1ab_1
  - joblib=1.3.2=pyhd8ed1ab_0
  - libcblas=3.9.0=20_linux64_openblas
  - libgoogle-cloud=2.12.0=h5206363_4
  - liblapack=3.9.0=20_linux64_openblas
  - markdown-it-py=3.0.0=pyhd8ed1ab_0
  - marshmallow=3.20.1=pyhd8ed1ab_0
  - pip=23.3.1=pyhd8ed1ab_0
  - protobuf=4.24.4=py310h620c231_0
  - pyasn1-modules=0.3.0=pyhd8ed1ab_0
  - python-dateutil=2.8.2=pyhd8ed1ab_0
  - python-slugify=8.0.1=pyhd8ed1ab_2
  - pyu2f=0.1.5=pyhd8ed1ab_0
  - rsa=4.9=pyhd8ed1ab_0
  - typing-extensions=4.9.0=hd8ed1ab_0
  - typing_inspect=0.9.0=pyhd8ed1ab_0
  - urllib3=1.26.18=pyhd8ed1ab_0
  - yarl=1.9.3=py310h2372a71_0
  - arrow=1.3.0=pyhd8ed1ab_0
  - async-timeout=4.0.3=pyhd8ed1ab_0
  - aws-c-s3=0.4.5=h0448019_0
  - botocore=1.31.17=pyhd8ed1ab_3
  - croniter=2.0.1=pyhd8ed1ab_0
  - cryptography=41.0.7=py310hb8475ec_1
  - google-crc32c=1.1.2=py310hc5c09a0_5
  - googleapis-common-protos=1.62.0=pyhd8ed1ab_0
  - importlib_metadata=7.0.0=hd8ed1ab_0
  - marshmallow-enum=1.5.1=pyh9f0ad1d_3
  - marshmallow-jsonschema=0.13.0=pyhd8ed1ab_0
  - mashumaro=3.10=pyhd8ed1ab_0
  - numpy=1.26.2=py310hb13e2d6_0
  - protoc-gen-swagger=0.1.0=pyhd8ed1ab_0
  - pynacl=1.5.0=py310h2372a71_3
  - requests=2.31.0=pyhd8ed1ab_0
  - rich=13.6.0=pyhd8ed1ab_0
  - adal=1.2.7=pyhd8ed1ab_0
  - aiohttp=3.9.1=py310h2372a71_0
  - aws-crt-cpp=0.25.0=h1bbe558_2
  - azure-core=1.29.5=pyhd8ed1ab_0
  - cookiecutter=2.5.0=pyhca7485f_0
  - dataclasses-json=0.5.7=pyhd8ed1ab_0
  - flyteidl=1.10.6=pyhd8ed1ab_0
  - google-resumable-media=2.7.0=pyhd8ed1ab_0
  - grpcio-status=1.59.3=pyhd8ed1ab_0
  - jsonpickle=3.0.2=pyhd8ed1ab_1
  - msal=1.26.0=pyhd8ed1ab_0
  - oauthlib=3.2.2=pyhd8ed1ab_0
  - pandas=1.5.3=py310h9b08913_1
  - paramiko=3.3.1=pyhd8ed1ab_0
  - pooch=1.8.0=pyhd8ed1ab_0
  - pyopenssl=23.3.0=pyhd8ed1ab_0
  - rich-click=1.7.2=pyhd8ed1ab_0
  - secretstorage=3.3.3=py310hff52083_2
  - aiobotocore=2.5.4=pyhd8ed1ab_0
  - aws-sdk-cpp=1.11.210=h0853bfa_5
  - azure-datalake-store=0.0.51=pyh9f0ad1d_0
  - azure-storage-blob=12.19.0=pyhd8ed1ab_0
  - docker-py=6.1.3=pyhd8ed1ab_0
  - google-auth=2.25.2=pyhca7485f_0
  - keyring=24.3.0=py310hff52083_0
  - msal_extensions=1.0.0=pyhd8ed1ab_0
  - plumbum=1.8.2=pyhd8ed1ab_0
  - requests-oauthlib=1.3.1=pyhd8ed1ab_0
  - scipy=1.10.1=py310ha4c1d20_3
  - azure-identity=1.15.0=pyhd8ed1ab_0
  - google-api-core=2.15.0=pyhd8ed1ab_0
  - google-auth-oauthlib=1.2.0=pyhd8ed1ab_0
  - libarrow=14.0.1=hfb4d3a9_10_cpu
  - python-kubernetes=28.1.0=pyhd8ed1ab_0
  - s3fs=2023.9.2=pyhd8ed1ab_0
  - scikit-learn=1.3.2=py310h1fdf081_2
  - adlfs=2023.10.0=pyhd8ed1ab_0
  - google-cloud-core=2.4.1=pyhd8ed1ab_0
  - libarrow-acero=14.0.1=h59595ed_10_cpu
  - libarrow-flight=14.0.1=h120cb0d_10_cpu
  - libarrow-gandiva=14.0.1=hacb8726_10_cpu
  - libparquet=14.0.1=h352af49_10_cpu
  - google-cloud-storage=2.14.0=pyhca7485f_0
  - libarrow-dataset=14.0.1=h59595ed_10_cpu
  - libarrow-flight-sql=14.0.1=h61ff412_10_cpu
  - gcsfs=2023.9.2=pyhd8ed1ab_0
  - libarrow-substrait=14.0.1=h61ff412_10_cpu
  - pyarrow=14.0.1=py310hf9e7431_10_cpu
  - flytekit=1.10.2=pyhd8ed1ab_0
  - pip:
    - antlr4-python3-runtime === 4.9.3 --hash=sha256:f224469b4168294902bb1efa80a8bf7855f24c99aef99cbefc1bcd3cce77881b
    - pastel === 0.2.1 --hash=sha256:4349225fcdf6c2bb34d483e523475de5bb04a5c10ef711263452cb37d7dd4364
    - tomli === 2.0.1 --hash=sha256:939de3e7a6161af0c887ef91b7d41a53e7c5a1ca976325f429cb46ea9bc30ecc
    - dataclasses-json === 0.5.9 --hash=sha256:1280542631df1c375b7bc92e5b86d39e06c44760d7e3571a537b3b8acabf2f0c
    - omegaconf === 2.3.0 --hash=sha256:7b4df175cdb08ba400f45cae3bdcae7ba8365db4d165fc65fd04b050ab63b46b
    - poethepoet === 0.24.4 --hash=sha256:fb4ea35d7f40fe2081ea917d2e4102e2310fda2cde78974050ca83896e229075
    - hydra-core === 1.3.2 --hash=sha256:fa0238a9e31df3373b35b0bfb672c34cc92718d21f81311d8996a16de1141d8b
    - hydra-joblib-launcher === 1.2.0 --hash=sha256:57bfd042b015056157297de93e8ec1c6bc75fd39bd3b300e1599db0c5d992eee
    - hydra-zen === 0.11.0 --hash=sha256:a99a87ec5ae758f57d43c35ae20e172d849e67c0b916c2f91daa4f90b52dc6e5
